
Microsoft Visual Studio Solution File, Format Version 12.00
# Visual Studio Version 17
VisualStudioVersion = 17.11.35327.3
MinimumVisualStudioVersion = 10.0.40219.1
Project("{9A19103F-16F7-4668-BE54-9A1E7A4F7556}") = "Ratings.Api", "Ratings.Api\Ratings.Api.csproj", "{397A26D1-1BC1-4FBD-B674-5A7794E5214F}"
EndProject
Project("{9A19103F-16F7-4668-BE54-9A1E7A4F7556}") = "Notifications.Api", "Notifications.Api\Notifications.Api.csproj", "{CC7D82F4-A515-4A53-B882-71FD5C893433}"
EndProject
Project("{FAE04EC0-301F-11D3-BF4B-00C04F79EFBC}") = "SharedLibrary", "SharedLibrary\SharedLibrary.csproj", "{04B1E9DB-A649-45B7-A65C-4948E586D9AB}"
EndProject
Project("{FAE04EC0-301F-11D3-BF4B-00C04F79EFBC}") = "Ratings.UnitTests", "Ratings.UnitTests\Ratings.UnitTests.csproj", "{E8DBE37D-621C-4EAA-9E73-0831A7510B95}"
EndProject
Project("{2150E333-8FDC-42A3-9474-1A3956D46DE8}") = "Solution Items", "Solution Items", "{14298259-6D13-467B-B3F7-FC40196E30C3}"
	ProjectSection(SolutionItems) = preProject
		README.md = README.md
	EndProjectSection
EndProject
Global
	GlobalSection(SolutionConfigurationPlatforms) = preSolution
		Debug|Any CPU = Debug|Any CPU
		Release|Any CPU = Release|Any CPU
	EndGlobalSection
	GlobalSection(ProjectConfigurationPlatforms) = postSolution
		{397A26D1-1BC1-4FBD-B674-5A7794E5214F}.Debug|Any CPU.ActiveCfg = Debug|Any CPU
		{397A26D1-1BC1-4FBD-B674-5A7794E5214F}.Debug|Any CPU.Build.0 = Debug|Any CPU
		{397A26D1-1BC1-4FBD-B674-5A7794E5214F}.Release|Any CPU.ActiveCfg = Release|Any CPU
		{397A26D1-1BC1-4FBD-B674-5A7794E5214F}.Release|Any CPU.Build.0 = Release|Any CPU
		{CC7D82F4-A515-4A53-B882-71FD5C893433}.Debug|Any CPU.ActiveCfg = Debug|Any CPU
		{CC7D82F4-A515-4A53-B882-71FD5C893433}.Debug|Any CPU.Build.0 = Debug|Any CPU
		{CC7D82F4-A515-4A53-B882-71FD5C893433}.Release|Any CPU.ActiveCfg = Release|Any CPU
		{CC7D82F4-A515-4A53-B882-71FD5C893433}.Release|Any CPU.Build.0 = Release|Any CPU
		{04B1E9DB-A649-45B7-A65C-4948E586D9AB}.Debug|Any CPU.ActiveCfg = Debug|Any CPU
		{04B1E9DB-A649-45B7-A65C-4948E586D9AB}.Debug|Any CPU.Build.0 = Debug|Any CPU
		{04B1E9DB-A649-45B7-A65C-4948E586D9AB}.Release|Any CPU.ActiveCfg = Release|Any CPU
		{04B1E9DB-A649-45B7-A65C-4948E586D9AB}.Release|Any CPU.Build.0 = Release|Any CPU
		{E8DBE37D-621C-4EAA-9E73-0831A7510B95}.Debug|Any CPU.ActiveCfg = Debug|Any CPU
		{E8DBE37D-621C-4EAA-9E73-0831A7510B95}.Debug|Any CPU.Build.0 = Debug|Any CPU
		{E8DBE37D-621C-4EAA-9E73-0831A7510B95}.Release|Any CPU.ActiveCfg = Release|Any CPU
		{E8DBE37D-621C-4EAA-9E73-0831A7510B95}.Release|Any CPU.Build.0 = Release|Any CPU
	EndGlobalSection
	GlobalSection(SolutionProperties) = preSolution
		HideSolutionNode = FALSE
	EndGlobalSection
	GlobalSection(ExtensibilityGlobals) = postSolution
		SolutionGuid = {A3BD8506-E9F7-49EB-8724-B14466B21B1F}
	EndGlobalSection
EndGlobal
